Microsoft Visual Studio Solution File, Format Version 12.00
# Visual Studio Version 16
VisualStudioVersion = 16.0.30626.31
MinimumVisualStudioVersion = 10.0.40219.1
Project("{9A19103F-16F7-4668-BE54-9A1E7A4F7556}") = "novedadescs9_01", "novedadescs9_01\novedadescs9_01.csproj", "{E584B4AE-C967-4C7F-9714-BDD35B21A534}"
EndProject
Project("{9A19103F-16F7-4668-BE54-9A1E7A4F7556}") = "novedadescs9_02", "novedadescs9_02\novedadescs9_02.csproj", "{E584B4AE-C967-4C7F-9714-BDD35B21A535}"
EndProject
Project("{FAE04EC0-301F-11D3-BF4B-00C04F79EFBC}") = "novedadescs9_03", "novedadescs9_03\novedadescs9_03.csproj", "{A8987542-E370-46C0-BD9D-DFF7CD15DD0D}"
EndProject
Global
	GlobalSection(SolutionConfigurationPlatforms) = preSolution
		Debug|Any CPU = Debug|Any CPU
		Release|Any CPU = Release|Any CPU
	EndGlobalSection
	GlobalSection(ProjectConfigurationPlatforms) = postSolution
		{E584B4AE-C967-4C7F-9714-BDD35B21A534}.Debug|Any CPU.ActiveCfg = Debug|Any CPU
		{E584B4AE-C967-4C7F-9714-BDD35B21A534}.Debug|Any CPU.Build.0 = Debug|Any CPU
		{E584B4AE-C967-4C7F-9714-BDD35B21A534}.Release|Any CPU.ActiveCfg = Release|Any CPU
		{E584B4AE-C967-4C7F-9714-BDD35B21A534}.Release|Any CPU.Build.0 = Release|Any CPU
		{E584B4AE-C967-4C7F-9714-BDD35B21A535}.Debug|Any CPU.ActiveCfg = Debug|Any CPU
		{E584B4AE-C967-4C7F-9714-BDD35B21A535}.Debug|Any CPU.Build.0 = Debug|Any CPU
		{E584B4AE-C967-4C7F-9714-BDD35B21A535}.Release|Any CPU.ActiveCfg = Release|Any CPU
		{E584B4AE-C967-4C7F-9714-BDD35B21A535}.Release|Any CPU.Build.0 = Release|Any CPU
		{A8987542-E370-46C0-BD9D-DFF7CD15DD0D}.Debug|Any CPU.ActiveCfg = Debug|Any CPU
		{A8987542-E370-46C0-BD9D-DFF7CD15DD0D}.Debug|Any CPU.Build.0 = Debug|Any CPU
		{A8987542-E370-46C0-BD9D-DFF7CD15DD0D}.Release|Any CPU.ActiveCfg = Release|Any CPU
		{A8987542-E370-46C0-BD9D-DFF7CD15DD0D}.Release|Any CPU.Build.0 = Release|Any CPU
	EndGlobalSection
	GlobalSection(SolutionProperties) = preSolution
		HideSolutionNode = FALSE
	EndGlobalSection
	GlobalSection(ExtensibilityGlobals) = postSolution
		SolutionGuid = {B8E8DD6F-D6B9-47A4-BA3D-8B2E3E0D7A49}
	EndGlobalSection
EndGlobal
